
Microsoft Visual Studio Solution File, Format Version 12.00
# Visual Studio Version 17
VisualStudioVersion = 17.4.33213.308
MinimumVisualStudioVersion = 10.0.40219.1
Project("{FAE04EC0-301F-11D3-BF4B-00C04F79EFBC}") = "uph.dotnet.pz", "uph.dotnet.pz\uph.dotnet.pz.csproj", "{50B48F8F-CF9B-44D7-9E66-A065EDAC059D}"
EndProject
Global
	GlobalSection(SolutionConfigurationPlatforms) = preSolution
		Debug|Any CPU = Debug|Any CPU
		Release|Any CPU = Release|Any CPU
	EndGlobalSection
	GlobalSection(ProjectConfigurationPlatforms) = postSolution
		{50B48F8F-CF9B-44D7-9E66-A065EDAC059D}.Debug|Any CPU.ActiveCfg = Debug|Any CPU
		{50B48F8F-CF9B-44D7-9E66-A065EDAC059D}.Debug|Any CPU.Build.0 = Debug|Any CPU
		{50B48F8F-CF9B-44D7-9E66-A065EDAC059D}.Release|Any CPU.ActiveCfg = Release|Any CPU
		{50B48F8F-CF9B-44D7-9E66-A065EDAC059D}.Release|Any CPU.Build.0 = Release|Any CPU
	EndGlobalSection
	GlobalSection(SolutionProperties) = preSolution
		HideSolutionNode = FALSE
	EndGlobalSection
	GlobalSection(ExtensibilityGlobals) = postSolution
		SolutionGuid = {97C5929A-EF18-413D-8EE8-BD2D7D2B594F}
	EndGlobalSection
EndGlobal
